<?xml version="1.0" encoding="utf-8"?>
<Project ToolsVersion="4.0" xmlns="http://schemas.microsoft.com/developer/msbuild/2003">
  <ItemGroup>
    <ClCompile Include="Articles.cpp" />
    <ClCompile Include="Client.cpp" />
    <ClCompile Include="CL_CAD.cpp" />
    <ClCompile Include="CL_Com_mapping.cpp" />
    <ClCompile Include="CL_Svc_gestion.cpp" />
    <ClCompile Include="Commande.cpp" />
    <ClCompile Include="gestionArticles.cpp" />
    <ClCompile Include="GestionArticlesFormulaire.cpp" />
    <ClCompile Include="gestionClient.cpp" />
    <ClCompile Include="GestionClientForm.cpp" />
    <ClCompile Include="GestionClientFormulaire.cpp" />
    <ClCompile Include="GestionCommandeFormulaire.cpp" />
    <ClCompile Include="gestionCommandes.cpp" />
    <ClCompile Include="gestionPersonnel.cpp" />
    <ClCompile Include="MainFormulaire.cpp" />
    <ClCompile Include="mappingArticles.cpp" />
    <ClCompile Include="mappingClient.cpp" />
    <ClCompile Include="mappingCommandes.cpp" />
    <ClCompile Include="mappingPersonnel.cpp" />
    <ClCompile Include="Personnel.cpp" />
    <ClCompile Include="principal.cpp" />
    <ClCompile Include="Source.cpp" />
    <ClCompile Include="GestionStatFormulaire.cpp" />
  </ItemGroup>
  <ItemGroup>
    <ClInclude Include="Articles.h" />
    <ClInclude Include="Client.h" />
    <ClInclude Include="CL_CAD.h" />
    <ClInclude Include="CL_Com_mapping.h" />
    <ClInclude Include="CL_Svc_gestion.h" />
    <ClInclude Include="Commande.h" />
    <ClInclude Include="gestionArticles.h" />
    <ClInclude Include="GestionArticlesFormulaire.h" />
    <ClInclude Include="gestionClient.h" />
    <ClInclude Include="GestionClientForm.h" />
    <ClInclude Include="GestionClientFormulaire.h" />
    <ClInclude Include="GestionCommandeFormulaire.h" />
    <ClInclude Include="gestionCommandes.h" />
    <ClInclude Include="gestionPersonnel.h" />
    <ClInclude Include="MainFormulaire.h" />
    <ClInclude Include="mappingArticles.h" />
    <ClInclude Include="mappingClient.h" />
    <ClInclude Include="headerLink.h" />
    <ClInclude Include="mappingCommandes.h" />
    <ClInclude Include="mappingPersonnel.h" />
    <ClInclude Include="GestionPersonnelFormulaire.h" />
    <ClInclude Include="Personnel.h" />
    <ClInclude Include="principal.h" />
    <ClInclude Include="statsMapping.h" />
    <ClInclude Include="GestionStatFormulaire.h" />
  </ItemGroup>
</Project>